
Microsoft Visual Studio Solution File, Format Version 12.00
# Visual Studio Version 17
VisualStudioVersion = 17.7.34018.315
MinimumVisualStudioVersion = 10.0.40219.1
Project("{9A19103F-16F7-4668-BE54-9A1E7A4F7556}") = "SqlServerHW", "SqlServerHW\SqlServerHW.csproj", "{0E50B309-573D-401E-BAFE-4F001193803E}"
EndProject
Project("{00D1A9C2-B5F0-4AF3-8072-F6C62B433612}") = "SQLPersonInfoDB", "SQLPersonInfoDB\SQLPersonInfoDB.sqlproj", "{87E45D78-61C4-4E34-91D3-35F90E8DEEA6}"
EndProject
Project("{FAE04EC0-301F-11D3-BF4B-00C04F79EFBC}") = "DataAccessLibrary", "DataAccessLibrary\DataAccessLibrary.csproj", "{8C040645-3762-4760-B0D2-742D7E1C3C91}"
EndProject
Global
	GlobalSection(SolutionConfigurationPlatforms) = preSolution
		Debug|Any CPU = Debug|Any CPU
		Release|Any CPU = Release|Any CPU
	EndGlobalSection
	GlobalSection(ProjectConfigurationPlatforms) = postSolution
		{0E50B309-573D-401E-BAFE-4F001193803E}.Debug|Any CPU.ActiveCfg = Debug|Any CPU
		{0E50B309-573D-401E-BAFE-4F001193803E}.Debug|Any CPU.Build.0 = Debug|Any CPU
		{0E50B309-573D-401E-BAFE-4F001193803E}.Release|Any CPU.ActiveCfg = Release|Any CPU
		{0E50B309-573D-401E-BAFE-4F001193803E}.Release|Any CPU.Build.0 = Release|Any CPU
		{87E45D78-61C4-4E34-91D3-35F90E8DEEA6}.Debug|Any CPU.ActiveCfg = Debug|Any CPU
		{87E45D78-61C4-4E34-91D3-35F90E8DEEA6}.Debug|Any CPU.Build.0 = Debug|Any CPU
		{87E45D78-61C4-4E34-91D3-35F90E8DEEA6}.Debug|Any CPU.Deploy.0 = Debug|Any CPU
		{87E45D78-61C4-4E34-91D3-35F90E8DEEA6}.Release|Any CPU.ActiveCfg = Release|Any CPU
		{87E45D78-61C4-4E34-91D3-35F90E8DEEA6}.Release|Any CPU.Build.0 = Release|Any CPU
		{87E45D78-61C4-4E34-91D3-35F90E8DEEA6}.Release|Any CPU.Deploy.0 = Release|Any CPU
		{8C040645-3762-4760-B0D2-742D7E1C3C91}.Debug|Any CPU.ActiveCfg = Debug|Any CPU
		{8C040645-3762-4760-B0D2-742D7E1C3C91}.Debug|Any CPU.Build.0 = Debug|Any CPU
		{8C040645-3762-4760-B0D2-742D7E1C3C91}.Release|Any CPU.ActiveCfg = Release|Any CPU
		{8C040645-3762-4760-B0D2-742D7E1C3C91}.Release|Any CPU.Build.0 = Release|Any CPU
	EndGlobalSection
	GlobalSection(SolutionProperties) = preSolution
		HideSolutionNode = FALSE
	EndGlobalSection
	GlobalSection(ExtensibilityGlobals) = postSolution
		SolutionGuid = {2DC2344F-31E5-4BD8-B8E9-76923B7FADDB}
	EndGlobalSection
EndGlobal
